
Microsoft Visual Studio Solution File, Format Version 12.00
# Visual Studio Version 16
VisualStudioVersion = 16.0.30517.126
MinimumVisualStudioVersion = 10.0.40219.1
Project("{FAE04EC0-301F-11D3-BF4B-00C04F79EFBC}") = "iis_perfcounter_prom", "src\iis_perfcounter_prom.csproj", "{0E2A541D-66FF-4CAF-B961-6F7612B04054}"
EndProject
Global
	GlobalSection(SolutionConfigurationPlatforms) = preSolution
		Debug|Any CPU = Debug|Any CPU
		Release|Any CPU = Release|Any CPU
	EndGlobalSection
	GlobalSection(ProjectConfigurationPlatforms) = postSolution
		{0E2A541D-66FF-4CAF-B961-6F7612B04054}.Debug|Any CPU.ActiveCfg = Debug|Any CPU
		{0E2A541D-66FF-4CAF-B961-6F7612B04054}.Debug|Any CPU.Build.0 = Debug|Any CPU
		{0E2A541D-66FF-4CAF-B961-6F7612B04054}.Release|Any CPU.ActiveCfg = Release|Any CPU
		{0E2A541D-66FF-4CAF-B961-6F7612B04054}.Release|Any CPU.Build.0 = Release|Any CPU
	EndGlobalSection
	GlobalSection(SolutionProperties) = preSolution
		HideSolutionNode = FALSE
	EndGlobalSection
	GlobalSection(ExtensibilityGlobals) = postSolution
		SolutionGuid = {378E0D16-5B4F-417B-95FA-72461065EAC9}
	EndGlobalSection
EndGlobal
